// !$*UTF8*$!
{
	archiveVersion = 1;
	classes = {
	};
	objectVersion = 46;
	objects = {

/* Begin PBXBuildFile section */
		1843E4C81AB40EBA0078A223 /* DepNavController.swift in Sources */ = {isa = PBXBuildFile; fileRef = 1843E4C71AB40EBA0078A223 /* DepNavController.swift */; };
		1843E4CA1AB4B9310078A223 /* CourseViewController.swift in Sources */ = {isa = PBXBuildFile; fileRef = 1843E4C91AB4B9310078A223 /* CourseViewController.swift */; };
		1843E4CE1AB50FC50078A223 /* InsViewController.swift in Sources */ = {isa = PBXBuildFile; fileRef = 1843E4CD1AB50FC50078A223 /* InsViewController.swift */; };
		1849DC661AB549A00098D50E /* logoUBC.gif in Resources */ = {isa = PBXBuildFile; fileRef = 1849DC651AB549A00098D50E /* logoUBC.gif */; };
		1849DC681AB54B820098D50E /* icon175x175.jpeg in Resources */ = {isa = PBXBuildFile; fileRef = 1849DC671AB54B820098D50E /* icon175x175.jpeg */; };
		1849DC701AB54FBC0098D50E /* Images.xcassets in Resources */ = {isa = PBXBuildFile; fileRef = 1849DC6F1AB54FBC0098D50E /* Images.xcassets */; };
		1849DC721AB550F20098D50E /* DetailViewController.swift in Sources */ = {isa = PBXBuildFile; fileRef = 1849DC711AB550F20098D50E /* DetailViewController.swift */; };
		185390691AB3FD8E003F4FA9 /* UIKit.framework in Frameworks */ = {isa = PBXBuildFile; fileRef = 185390681AB3FD8E003F4FA9 /* UIKit.framework */; };
		2F2A2CEB1AB518F900363015 /* JSONHelper.swift in Sources */ = {isa = PBXBuildFile; fileRef = 2F2A2CE91AB518F900363015 /* JSONHelper.swift */; };
		2F2A2CEC1AB518F900363015 /* OfficeHoursData.json in Resources */ = {isa = PBXBuildFile; fileRef = 2F2A2CEA1AB518F900363015 /* OfficeHoursData.json */; };
		2FA4D5781AB3DCA300E1D326 /* AppDelegate.swift in Sources */ = {isa = PBXBuildFile; fileRef = 2FA4D5771AB3DCA300E1D326 /* AppDelegate.swift */; };
		2FA4D57A1AB3DCA300E1D326 /* DepViewController.swift in Sources */ = {isa = PBXBuildFile; fileRef = 2FA4D5791AB3DCA300E1D326 /* DepViewController.swift */; };
		2FA4D57D1AB3DCA300E1D326 /* Main.storyboard in Resources */ = {isa = PBXBuildFile; fileRef = 2FA4D57B1AB3DCA300E1D326 /* Main.storyboard */; };
		2FA4D5821AB3DCA300E1D326 /* LaunchScreen.xib in Resources */ = {isa = PBXBuildFile; fileRef = 2FA4D5801AB3DCA300E1D326 /* LaunchScreen.xib */; };
		2FA4D58E1AB3DCA300E1D326 /* OfficeHoursAppTests.swift in Sources */ = {isa = PBXBuildFile; fileRef = 2FA4D58D1AB3DCA300E1D326 /* OfficeHoursAppTests.swift */; };
		2FA4D5981AB3EC6100E1D326 /* Department.swift in Sources */ = {isa = PBXBuildFile; fileRef = 2FA4D5971AB3EC6100E1D326 /* Department.swift */; };
		2FA4D59E1AB3ED2A00E1D326 /* Course.swift in Sources */ = {isa = PBXBuildFile; fileRef = 2FA4D59D1AB3ED2A00E1D326 /* Course.swift */; };
		2FA4D5A01AB3EDAB00E1D326 /* Instructor.swift in Sources */ = {isa = PBXBuildFile; fileRef = 2FA4D59F1AB3EDAB00E1D326 /* Instructor.swift */; };
/* End PBXBuildFile section */

/* Begin PBXContainerItemProxy section */
		2FA4D5881AB3DCA300E1D326 /* PBXContainerItemProxy */ = {
			isa = PBXContainerItemProxy;
			containerPortal = 2FA4D56A1AB3DCA300E1D326 /* Project object */;
			proxyType = 1;
			remoteGlobalIDString = 2FA4D5711AB3DCA300E1D326;
			remoteInfo = OfficeHoursApp;
		};
/* End PBXContainerItemProxy section */

/* Begin PBXFileReference section */
		1843E4C71AB40EBA0078A223 /* DepNavController.swift */ = {isa = PBXFileReference; fileEncoding = 4; lastKnownFileType = sourcecode.swift; path = DepNavController.swift; sourceTree = "<group>"; };
		1843E4C91AB4B9310078A223 /* CourseViewController.swift */ = {isa = PBXFileReference; fileEncoding = 4; lastKnownFileType = sourcecode.swift; path = CourseViewController.swift; sourceTree = "<group>"; };
		1843E4CD1AB50FC50078A223 /* InsViewController.swift */ = {isa = PBXFileReference; fileEncoding = 4; lastKnownFileType = sourcecode.swift; path = InsViewController.swift; sourceTree = "<group>"; };
		1849DC651AB549A00098D50E /* logoUBC.gif */ = {isa = PBXFileReference; lastKnownFileType = image.gif; name = logoUBC.gif; path = ../../../Downloads/logoUBC.gif; sourceTree = "<group>"; };
		1849DC671AB54B820098D50E /* icon175x175.jpeg */ = {isa = PBXFileReference; lastKnownFileType = image.jpeg; name = icon175x175.jpeg; path = ../../../Downloads/icon175x175.jpeg; sourceTree = "<group>"; };
		1849DC6F1AB54FBC0098D50E /* Images.xcassets */ = {isa = PBXFileReference; lastKnownFileType = folder.assetcatalog; path = Images.xcassets; sourceTree = "<group>"; };
		1849DC711AB550F20098D50E /* DetailViewController.swift */ = {isa = PBXFileReference; fileEncoding = 4; lastKnownFileType = sourcecode.swift; path = DetailViewController.swift; sourceTree = "<group>"; };
		185390681AB3FD8E003F4FA9 /* UIKit.framework */ = {isa = PBXFileReference; lastKnownFileType = wrapper.framework; name = UIKit.framework; path = System/Library/Frameworks/UIKit.framework; sourceTree = SDKROOT; };
		2F2A2CE91AB518F900363015 /* JSONHelper.swift */ = {isa = PBXFileReference; fileEncoding = 4; lastKnownFileType = sourcecode.swift; path = JSONHelper.swift; sourceTree = "<group>"; };
		2F2A2CEA1AB518F900363015 /* OfficeHoursData.json */ = {isa = PBXFileReference; fileEncoding = 4; lastKnownFileType = text.json; path = OfficeHoursData.json; sourceTree = "<group>"; };
		2FA4D5721AB3DCA300E1D326 /* OfficeHoursApp.app */ = {isa = PBXFileReference; explicitFileType = wrapper.application; includeInIndex = 0; path = OfficeHoursApp.app; sourceTree = BUILT_PRODUCTS_DIR; };
		2FA4D5761AB3DCA300E1D326 /* Info.plist */ = {isa = PBXFileReference; lastKnownFileType = text.plist.xml; path = Info.plist; sourceTree = "<group>"; };
		2FA4D5771AB3DCA300E1D326 /* AppDelegate.swift */ = {isa = PBXFileReference; lastKnownFileType = sourcecode.swift; path = AppDelegate.swift; sourceTree = "<group>"; };
		2FA4D5791AB3DCA300E1D326 /* DepViewController.swift */ = {isa = PBXFileReference; lastKnownFileType = sourcecode.swift; path = DepViewController.swift; sourceTree = "<group>"; };
		2FA4D57C1AB3DCA300E1D326 /* Base */ = {isa = PBXFileReference; lastKnownFileType = file.storyboard; name = Base; path = Base.lproj/Main.storyboard; sourceTree = "<group>"; };
		2FA4D5811AB3DCA300E1D326 /* Base */ = {isa = PBXFileReference; lastKnownFileType = file.xib; name = Base; path = Base.lproj/LaunchScreen.xib; sourceTree = "<group>"; };
		2FA4D5871AB3DCA300E1D326 /* OfficeHoursAppTests.xctest */ = {isa = PBXFileReference; explicitFileType = wrapper.cfbundle; includeInIndex = 0; path = OfficeHoursAppTests.xctest; sourceTree = BUILT_PRODUCTS_DIR; };
		2FA4D58C1AB3DCA300E1D326 /* Info.plist */ = {isa = PBXFileReference; lastKnownFileType = text.plist.xml; path = Info.plist; sourceTree = "<group>"; };
		2FA4D58D1AB3DCA300E1D326 /* OfficeHoursAppTests.swift */ = {isa = PBXFileReference; lastKnownFileType = sourcecode.swift; path = OfficeHoursAppTests.swift; sourceTree = "<group>"; };
		2FA4D5971AB3EC6100E1D326 /* Department.swift */ = {isa = PBXFileReference; fileEncoding = 4; lastKnownFileType = sourcecode.swift; path = Department.swift; sourceTree = "<group>"; };
		2FA4D59D1AB3ED2A00E1D326 /* Course.swift */ = {isa = PBXFileReference; fileEncoding = 4; lastKnownFileType = sourcecode.swift; path = Course.swift; sourceTree = "<group>"; };
		2FA4D59F1AB3EDAB00E1D326 /* Instructor.swift */ = {isa = PBXFileReference; fileEncoding = 4; lastKnownFileType = sourcecode.swift; path = Instructor.swift; sourceTree = "<group>"; };
/* End PBXFileReference section */

/* Begin PBXFrameworksBuildPhase section */
		2FA4D56F1AB3DCA300E1D326 /* Frameworks */ = {
			isa = PBXFrameworksBuildPhase;
			buildActionMask = 2147483647;
			files = (
				185390691AB3FD8E003F4FA9 /* UIKit.framework in Frameworks */,
			);
			runOnlyForDeploymentPostprocessing = 0;
		};
		2FA4D5841AB3DCA300E1D326 /* Frameworks */ = {
			isa = PBXFrameworksBuildPhase;
			buildActionMask = 2147483647;
			files = (
			);
			runOnlyForDeploymentPostprocessing = 0;
		};
/* End PBXFrameworksBuildPhase section */

/* Begin PBXGroup section */
		2FA4D5691AB3DCA300E1D326 = {
			isa = PBXGroup;
			children = (
				185390681AB3FD8E003F4FA9 /* UIKit.framework */,
				2FA4D5741AB3DCA300E1D326 /* OfficeHoursApp */,
				2FA4D58A1AB3DCA300E1D326 /* OfficeHoursAppTests */,
				2FA4D5731AB3DCA300E1D326 /* Products */,
			);
			sourceTree = "<group>";
		};
		2FA4D5731AB3DCA300E1D326 /* Products */ = {
			isa = PBXGroup;
			children = (
				2FA4D5721AB3DCA300E1D326 /* OfficeHoursApp.app */,
				2FA4D5871AB3DCA300E1D326 /* OfficeHoursAppTests.xctest */,
			);
			name = Products;
			sourceTree = "<group>";
		};
		2FA4D5741AB3DCA300E1D326 /* OfficeHoursApp */ = {
			isa = PBXGroup;
			children = (
				2F2A2CE91AB518F900363015 /* JSONHelper.swift */,
				2F2A2CEA1AB518F900363015 /* OfficeHoursData.json */,
				2FA4D5771AB3DCA300E1D326 /* AppDelegate.swift */,
				2FA4D5791AB3DCA300E1D326 /* DepViewController.swift */,
				1843E4C71AB40EBA0078A223 /* DepNavController.swift */,
				2FA4D57B1AB3DCA300E1D326 /* Main.storyboard */,
				1849DC711AB550F20098D50E /* DetailViewController.swift */,
				1843E4C91AB4B9310078A223 /* CourseViewController.swift */,
				1849DC671AB54B820098D50E /* icon175x175.jpeg */,
				2FA4D5801AB3DCA300E1D326 /* LaunchScreen.xib */,
				2FA4D5751AB3DCA300E1D326 /* Supporting Files */,
				2FA4D5971AB3EC6100E1D326 /* Department.swift */,
				2FA4D59D1AB3ED2A00E1D326 /* Course.swift */,
				2FA4D59F1AB3EDAB00E1D326 /* Instructor.swift */,
				1849DC651AB549A00098D50E /* logoUBC.gif */,
				1843E4CD1AB50FC50078A223 /* InsViewController.swift */,
				1849DC6F1AB54FBC0098D50E /* Images.xcassets */,
			);
			path = OfficeHoursApp;
			sourceTree = "<group>";
		};
		2FA4D5751AB3DCA300E1D326 /* Supporting Files */ = {
			isa = PBXGroup;
			children = (
				2FA4D5761AB3DCA300E1D326 /* Info.plist */,
			);
			name = "Supporting Files";
			sourceTree = "<group>";
		};
		2FA4D58A1AB3DCA300E1D326 /* OfficeHoursAppTests */ = {
			isa = PBXGroup;
			children = (
				2FA4D58D1AB3DCA300E1D326 /* OfficeHoursAppTests.swift */,
				2FA4D58B1AB3DCA300E1D326 /* Supporting Files */,
			);
			path = OfficeHoursAppTests;
			sourceTree = "<group>";
		};
		2FA4D58B1AB3DCA300E1D326 /* Supporting Files */ = {
			isa = PBXGroup;
			children = (
				2FA4D58C1AB3DCA300E1D326 /* Info.plist */,
			);
			name = "Supporting Files";
			sourceTree = "<group>";
		};
/* End PBXGroup section */

/* Begin PBXNativeTarget section */
		2FA4D5711AB3DCA300E1D326 /* OfficeHoursApp */ = {
			isa = PBXNativeTarget;
			buildConfigurationList = 2FA4D5911AB3DCA300E1D326 /* Build configuration list for PBXNativeTarget "OfficeHoursApp" */;
			buildPhases = (
				2FA4D56E1AB3DCA300E1D326 /* Sources */,
				2FA4D56F1AB3DCA300E1D326 /* Frameworks */,
				2FA4D5701AB3DCA300E1D326 /* Resources */,
			);
			buildRules = (
			);
			dependencies = (
			);
			name = OfficeHoursApp;
			productName = OfficeHoursApp;
			productReference = 2FA4D5721AB3DCA300E1D326 /* OfficeHoursApp.app */;
			productType = "com.apple.product-type.application";
		};
		2FA4D5861AB3DCA300E1D326 /* OfficeHoursAppTests */ = {
			isa = PBXNativeTarget;
			buildConfigurationList = 2FA4D5941AB3DCA300E1D326 /* Build configuration list for PBXNativeTarget "OfficeHoursAppTests" */;
			buildPhases = (
				2FA4D5831AB3DCA300E1D326 /* Sources */,
				2FA4D5841AB3DCA300E1D326 /* Frameworks */,
				2FA4D5851AB3DCA300E1D326 /* Resources */,
			);
			buildRules = (
			);
			dependencies = (
				2FA4D5891AB3DCA300E1D326 /* PBXTargetDependency */,
			);
			name = OfficeHoursAppTests;
			productName = OfficeHoursAppTests;
			productReference = 2FA4D5871AB3DCA300E1D326 /* OfficeHoursAppTests.xctest */;
			productType = "com.apple.product-type.bundle.unit-test";
		};
/* End PBXNativeTarget section */

/* Begin PBXProject section */
		2FA4D56A1AB3DCA300E1D326 /* Project object */ = {
			isa = PBXProject;
			attributes = {
				LastUpgradeCheck = 0620;
				ORGANIZATIONNAME = "Sassy Coders Inc.";
				TargetAttributes = {
					2FA4D5711AB3DCA300E1D326 = {
						CreatedOnToolsVersion = 6.2;
						DevelopmentTeam = 2S3D8J8M3T;
					};
					2FA4D5861AB3DCA300E1D326 = {
						CreatedOnToolsVersion = 6.2;
						TestTargetID = 2FA4D5711AB3DCA300E1D326;
					};
				};
			};
			buildConfigurationList = 2FA4D56D1AB3DCA300E1D326 /* Build configuration list for PBXProject "OfficeHoursApp" */;
			compatibilityVersion = "Xcode 3.2";
			developmentRegion = English;
			hasScannedForEncodings = 0;
			knownRegions = (
				en,
				Base,
			);
			mainGroup = 2FA4D5691AB3DCA300E1D326;
			productRefGroup = 2FA4D5731AB3DCA300E1D326 /* Products */;
			projectDirPath = "";
			projectRoot = "";
			targets = (
				2FA4D5711AB3DCA300E1D326 /* OfficeHoursApp */,
				2FA4D5861AB3DCA300E1D326 /* OfficeHoursAppTests */,
			);
		};
/* End PBXProject section */

/* Begin PBXResourcesBuildPhase section */
		2FA4D5701AB3DCA300E1D326 /* Resources */ = {
			isa = PBXResourcesBuildPhase;
			buildActionMask = 2147483647;
			files = (
				2FA4D57D1AB3DCA300E1D326 /* Main.storyboard in Resources */,
				1849DC681AB54B820098D50E /* icon175x175.jpeg in Resources */,
				2FA4D5821AB3DCA300E1D326 /* LaunchScreen.xib in Resources */,
				1849DC701AB54FBC0098D50E /* Images.xcassets in Resources */,
				2F2A2CEC1AB518F900363015 /* OfficeHoursData.json in Resources */,
				1849DC661AB549A00098D50E /* logoUBC.gif in Resources */,
			);
			runOnlyForDeploymentPostprocessing = 0;
		};
		2FA4D5851AB3DCA300E1D326 /* Resources */ = {
			isa = PBXResourcesBuildPhase;
			buildActionMask = 2147483647;
			files = (
			);
			runOnlyForDeploymentPostprocessing = 0;
		};
/* End PBXResourcesBuildPhase section */

/* Begin PBXSourcesBuildPhase section */
		2FA4D56E1AB3DCA300E1D326 /* Sources */ = {
			isa = PBXSourcesBuildPhase;
			buildActionMask = 2147483647;
			files = (
				2FA4D59E1AB3ED2A00E1D326 /* Course.swift in Sources */,
				2FA4D57A1AB3DCA300E1D326 /* DepViewController.swift in Sources */,
				1843E4CE1AB50FC50078A223 /* InsViewController.swift in Sources */,
				2FA4D5781AB3DCA300E1D326 /* AppDelegate.swift in Sources */,
				1843E4C81AB40EBA0078A223 /* DepNavController.swift in Sources */,
				2FA4D5A01AB3EDAB00E1D326 /* Instructor.swift in Sources */,
				2FA4D5981AB3EC6100E1D326 /* Department.swift in Sources */,
				1849DC721AB550F20098D50E /* DetailViewController.swift in Sources */,
				1843E4CA1AB4B9310078A223 /* CourseViewController.swift in Sources */,
				2F2A2CEB1AB518F900363015 /* JSONHelper.swift in Sources */,
			);
			runOnlyForDeploymentPostprocessing = 0;
		};
		2FA4D5831AB3DCA300E1D326 /* Sources */ = {
			isa = PBXSourcesBuildPhase;
			buildActionMask = 2147483647;
			files = (
				2FA4D58E1AB3DCA300E1D326 /* OfficeHoursAppTests.swift in Sources */,
			);
			runOnlyForDeploymentPostprocessing = 0;
		};
/* End PBXSourcesBuildPhase section */

/* Begin PBXTargetDependency section */
		2FA4D5891AB3DCA300E1D326 /* PBXTargetDependency */ = {
			isa = PBXTargetDependency;
			target = 2FA4D5711AB3DCA300E1D326 /* OfficeHoursApp */;
			targetProxy = 2FA4D5881AB3DCA300E1D326 /* PBXContainerItemProxy */;
		};
/* End PBXTargetDependency section */

/* Begin PBXVariantGroup section */
		2FA4D57B1AB3DCA300E1D326 /* Main.storyboard */ = {
			isa = PBXVariantGroup;
			children = (
				2FA4D57C1AB3DCA300E1D326 /* Base */,
			);
			name = Main.storyboard;
			sourceTree = "<group>";
		};
		2FA4D5801AB3DCA300E1D326 /* LaunchScreen.xib */ = {
			isa = PBXVariantGroup;
			children = (
				2FA4D5811AB3DCA300E1D326 /* Base */,
			);
			name = LaunchScreen.xib;
			sourceTree = "<group>";
		};
/* End PBXVariantGroup section */

/* Begin XCBuildConfiguration section */
		2FA4D58F1AB3DCA300E1D326 /* Debug */ = {
			isa = XCBuildConfiguration;
			buildSettings = {
				ALWAYS_SEARCH_USER_PATHS = NO;
				CLANG_CXX_LANGUAGE_STANDARD = "gnu++0x";
				CLANG_CXX_LIBRARY = "libc++";
				CLANG_ENABLE_MODULES = YES;
				CLANG_ENABLE_OBJC_ARC = YES;
				CLANG_WARN_BOOL_CONVERSION = YES;
				CLANG_WARN_CONSTANT_CONVERSION = YES;
				CLANG_WARN_DIRECT_OBJC_ISA_USAGE = YES_ERROR;
				CLANG_WARN_EMPTY_BODY = YES;
				CLANG_WARN_ENUM_CONVERSION = YES;
				CLANG_WARN_INT_CONVERSION = YES;
				CLANG_WARN_OBJC_ROOT_CLASS = YES_ERROR;
				CLANG_WARN_UNREACHABLE_CODE = YES;
				CLANG_WARN__DUPLICATE_METHOD_MATCH = YES;
				"CODE_SIGN_IDENTITY[sdk=iphoneos*]" = "iPhone Developer";
				COPY_PHASE_STRIP = NO;
				ENABLE_STRICT_OBJC_MSGSEND = YES;
				GCC_C_LANGUAGE_STANDARD = gnu99;
				GCC_DYNAMIC_NO_PIC = NO;
				GCC_OPTIMIZATION_LEVEL = 0;
				GCC_PREPROCESSOR_DEFINITIONS = (
					"DEBUG=1",
					"$(inherited)",
				);
				GCC_SYMBOLS_PRIVATE_EXTERN = NO;
				GCC_WARN_64_TO_32_BIT_CONVERSION = YES;
				GCC_WARN_ABOUT_RETURN_TYPE = YES_ERROR;
				GCC_WARN_UNDECLARED_SELECTOR = YES;
				GCC_WARN_UNINITIALIZED_AUTOS = YES_AGGRESSIVE;
				GCC_WARN_UNUSED_FUNCTION = YES;
				GCC_WARN_UNUSED_VARIABLE = YES;
				IPHONEOS_DEPLOYMENT_TARGET = 8.2;
				MTL_ENABLE_DEBUG_INFO = YES;
				ONLY_ACTIVE_ARCH = YES;
				SDKROOT = iphoneos;
				SWIFT_OPTIMIZATION_LEVEL = "-Onone";
				TARGETED_DEVICE_FAMILY = "1,2";
			};
			name = Debug;
		};
		2FA4D5901AB3DCA300E1D326 /* Release */ = {
			isa = XCBuildConfiguration;
			buildSettings = {
				ALWAYS_SEARCH_USER_PATHS = NO;
				CLANG_CXX_LANGUAGE_STANDARD = "gnu++0x";
				CLANG_CXX_LIBRARY = "libc++";
				CLANG_ENABLE_MODULES = YES;
				CLANG_ENABLE_OBJC_ARC = YES;
				CLANG_WARN_BOOL_CONVERSION = YES;
				CLANG_WARN_CONSTANT_CONVERSION = YES;
				CLANG_WARN_DIRECT_OBJC_ISA_USAGE = YES_ERROR;
				CLANG_WARN_EMPTY_BODY = YES;
				CLANG_WARN_ENUM_CONVERSION = YES;
				CLANG_WARN_INT_CONVERSION = YES;
				CLANG_WARN_OBJC_ROOT_CLASS = YES_ERROR;
				CLANG_WARN_UNREACHABLE_CODE = YES;
				CLANG_WARN__DUPLICATE_METHOD_MATCH = YES;
				"CODE_SIGN_IDENTITY[sdk=iphoneos*]" = "iPhone Developer";
				COPY_PHASE_STRIP = NO;
				ENABLE_NS_ASSERTIONS = NO;
				ENABLE_STRICT_OBJC_MSGSEND = YES;
				GCC_C_LANGUAGE_STANDARD = gnu99;
				GCC_WARN_64_TO_32_BIT_CONVERSION = YES;
				GCC_WARN_ABOUT_RETURN_TYPE = YES_ERROR;
				GCC_WARN_UNDECLARED_SELECTOR = YES;
				GCC_WARN_UNINITIALIZED_AUTOS = YES_AGGRESSIVE;
				GCC_WARN_UNUSED_FUNCTION = YES;
				GCC_WARN_UNUSED_VARIABLE = YES;
				IPHONEOS_DEPLOYMENT_TARGET = 8.2;
				MTL_ENABLE_DEBUG_INFO = NO;
				SDKROOT = iphoneos;
				TARGETED_DEVICE_FAMILY = "1,2";
				VALIDATE_PRODUCT = YES;
			};
			name = Release;
		};
		2FA4D5921AB3DCA300E1D326 /* Debug */ = {
			isa = XCBuildConfiguration;
			buildSettings = {
				ASSETCATALOG_COMPILER_APPICON_NAME = AppIcon;
				ASSETCATALOG_COMPILER_LAUNCHIMAGE_NAME = LaunchImage;
				CODE_SIGN_IDENTITY = "iPhone Developer";
				INFOPLIST_FILE = OfficeHoursApp/Info.plist;
				IPHONEOS_DEPLOYMENT_TARGET = 8.1;
				LD_RUNPATH_SEARCH_PATHS = "$(inherited) @executable_path/Frameworks";
				PRODUCT_NAME = "$(TARGET_NAME)";
				TARGETED_DEVICE_FAMILY = "1,2";
			};
			name = Debug;
		};
		2FA4D5931AB3DCA300E1D326 /* Release */ = {
			isa = XCBuildConfiguration;
			buildSettings = {
				ASSETCATALOG_COMPILER_APPICON_NAME = AppIcon;
				ASSETCATALOG_COMPILER_LAUNCHIMAGE_NAME = LaunchImage;
				CODE_SIGN_IDENTITY = "iPhone Developer";
				INFOPLIST_FILE = OfficeHoursApp/Info.plist;
				IPHONEOS_DEPLOYMENT_TARGET = 8.1;
				LD_RUNPATH_SEARCH_PATHS = "$(inherited) @executable_path/Frameworks";
				PRODUCT_NAME = "$(TARGET_NAME)";
				TARGETED_DEVICE_FAMILY = "1,2";
			};
			name = Release;
		};
		2FA4D5951AB3DCA300E1D326 /* Debug */ = {
			isa = XCBuildConfiguration;
			buildSettings = {
				BUNDLE_LOADER = "$(TEST_HOST)";
				FRAMEWORK_SEARCH_PATHS = (
					"$(SDKROOT)/Developer/Library/Frameworks",
					"$(inherited)",
				);
				GCC_PREPROCESSOR_DEFINITIONS = (
					"DEBUG=1",
					"$(inherited)",
				);
				INFOPLIST_FILE = OfficeHoursAppTests/Info.plist;
				IPHONEOS_DEPLOYMENT_TARGET = 8.1;
				LD_RUNPATH_SEARCH_PATHS = "$(inherited) @executable_path/Frameworks @loader_path/Frameworks";
				PRODUCT_NAME = "$(TARGET_NAME)";
				TEST_HOST = "$(BUILT_PRODUCTS_DIR)/OfficeHoursApp.app/OfficeHoursApp";
			};
			name = Debug;
		};
		2FA4D5961AB3DCA300E1D326 /* Release */ = {
			isa = XCBuildConfiguration;
			buildSettings = {
				BUNDLE_LOADER = "$(TEST_HOST)";
				FRAMEWORK_SEARCH_PATHS = (
					"$(SDKROOT)/Developer/Library/Frameworks",
					"$(inherited)",
				);
				INFOPLIST_FILE = OfficeHoursAppTests/Info.plist;
				IPHONEOS_DEPLOYMENT_TARGET = 8.1;
				LD_RUNPATH_SEARCH_PATHS = "$(inherited) @executable_path/Frameworks @loader_path/Frameworks";
				PRODUCT_NAME = "$(TARGET_NAME)";
				TEST_HOST = "$(BUILT_PRODUCTS_DIR)/OfficeHoursApp.app/OfficeHoursApp";
			};
			name = Release;
		};
/* End XCBuildConfiguration section */

/* Begin XCConfigurationList section */
		2FA4D56D1AB3DCA300E1D326 /* Build configuration list for PBXProject "OfficeHoursApp" */ = {
			isa = XCConfigurationList;
			buildConfigurations = (
				2FA4D58F1AB3DCA300E1D326 /* Debug */,
				2FA4D5901AB3DCA300E1D326 /* Release */,
			);
			defaultConfigurationIsVisible = 0;
			defaultConfigurationName = Release;
		};
		2FA4D5911AB3DCA300E1D326 /* Build configuration list for PBXNativeTarget "OfficeHoursApp" */ = {
			isa = XCConfigurationList;
			buildConfigurations = (
				2FA4D5921AB3DCA300E1D326 /* Debug */,
				2FA4D5931AB3DCA300E1D326 /* Release */,
			);
			defaultConfigurationIsVisible = 0;
			defaultConfigurationName = Release;
		};
		2FA4D5941AB3DCA300E1D326 /* Build configuration list for PBXNativeTarget "OfficeHoursAppTests" */ = {
			isa = XCConfigurationList;
			buildConfigurations = (
				2FA4D5951AB3DCA300E1D326 /* Debug */,
				2FA4D5961AB3DCA300E1D326 /* Release */,
			);
			defaultConfigurationIsVisible = 0;
			defaultConfigurationName = Release;
		};
/* End XCConfigurationList section */
	};
	rootObject = 2FA4D56A1AB3DCA300E1D326 /* Project object */;
}
